// !$*UTF8*$!
{
	archiveVersion = 1;
	classes = {
	};
	objectVersion = 51;
	objects = {

/* Begin PBXBuildFile section */
		0C2684C4261F296B00B0FC1F /* FriendsVaccinesModel.swift in Sources */ = {isa = PBXBuildFile; fileRef = 0C2684C3261F296B00B0FC1F /* FriendsVaccinesModel.swift */; };
		0C2684C7261F2ABB00B0FC1F /* FriendsViewModel.swift in Sources */ = {isa = PBXBuildFile; fileRef = 0C2684C6261F2ABB00B0FC1F /* FriendsViewModel.swift */; };
		0C2684CC261F2FC000B0FC1F /* DetailedFriendView.swift in Sources */ = {isa = PBXBuildFile; fileRef = 0C2684CB261F2FC000B0FC1F /* DetailedFriendView.swift */; };
		0C280907261B6CE600EF07E0 /* AppDelegate.swift in Sources */ = {isa = PBXBuildFile; fileRef = 0C280906261B6CE600EF07E0 /* AppDelegate.swift */; };
		0C280909261B6CE600EF07E0 /* SceneDelegate.swift in Sources */ = {isa = PBXBuildFile; fileRef = 0C280908261B6CE600EF07E0 /* SceneDelegate.swift */; };
		0C28090D261B6CEE00EF07E0 /* Assets.xcassets in Resources */ = {isa = PBXBuildFile; fileRef = 0C28090C261B6CEE00EF07E0 /* Assets.xcassets */; };
		0C280910261B6CEE00EF07E0 /* Preview Assets.xcassets in Resources */ = {isa = PBXBuildFile; fileRef = 0C28090F261B6CEE00EF07E0 /* Preview Assets.xcassets */; };
		0C280913261B6CEE00EF07E0 /* LaunchScreen.storyboard in Resources */ = {isa = PBXBuildFile; fileRef = 0C280911261B6CEE00EF07E0 /* LaunchScreen.storyboard */; };
		0C28091F261B6D4700EF07E0 /* HomeView.swift in Sources */ = {isa = PBXBuildFile; fileRef = 0C28091E261B6D4700EF07E0 /* HomeView.swift */; };
		0C280922261B6EE700EF07E0 /* HomeViewModel.swift in Sources */ = {isa = PBXBuildFile; fileRef = 0C280921261B6EE700EF07E0 /* HomeViewModel.swift */; };
		0C280925261B6F7800EF07E0 /* AsilarimView.swift in Sources */ = {isa = PBXBuildFile; fileRef = 0C280924261B6F7800EF07E0 /* AsilarimView.swift */; };
		0C280928261B6F8B00EF07E0 /* ArkadaslarimView.swift in Sources */ = {isa = PBXBuildFile; fileRef = 0C280927261B6F8B00EF07E0 /* ArkadaslarimView.swift */; };
		0C28092E261B6FB500EF07E0 /* QRGenerateView.swift in Sources */ = {isa = PBXBuildFile; fileRef = 0C28092D261B6FB500EF07E0 /* QRGenerateView.swift */; };
		0C2C0954261F3FF10049BC11 /* ScannerViewModel.swift in Sources */ = {isa = PBXBuildFile; fileRef = 0C2C0953261F3FF10049BC11 /* ScannerViewModel.swift */; };
		0C2C0959261F406E0049BC11 /* ScannerView.swift in Sources */ = {isa = PBXBuildFile; fileRef = 0C2C0958261F406E0049BC11 /* ScannerView.swift */; };
		0C2C095E261F40D90049BC11 /* QrCodeCameraDelegate.swift in Sources */ = {isa = PBXBuildFile; fileRef = 0C2C095D261F40D90049BC11 /* QrCodeCameraDelegate.swift */; };
		0C2C0962261F411A0049BC11 /* CameraPreview.swift in Sources */ = {isa = PBXBuildFile; fileRef = 0C2C0961261F411A0049BC11 /* CameraPreview.swift */; };
		0C2C0965261F414D0049BC11 /* QrCodeScannerView.swift in Sources */ = {isa = PBXBuildFile; fileRef = 0C2C0964261F414D0049BC11 /* QrCodeScannerView.swift */; };
		0C38AC5F261F7A550098E8DD /* SelectVaccinesView.swift in Sources */ = {isa = PBXBuildFile; fileRef = 0C38AC5E261F7A550098E8DD /* SelectVaccinesView.swift */; };
		0C3A08282628C019008596E0 /* UserViewModel.swift in Sources */ = {isa = PBXBuildFile; fileRef = 0C3A08272628C019008596E0 /* UserViewModel.swift */; };
		0C3A082B2628C031008596E0 /* UserModel.swift in Sources */ = {isa = PBXBuildFile; fileRef = 0C3A082A2628C031008596E0 /* UserModel.swift */; };
		0C3A082F2628C419008596E0 /* ProfileView.swift in Sources */ = {isa = PBXBuildFile; fileRef = 0C3A082E2628C419008596E0 /* ProfileView.swift */; };
		0C3A08322628C995008596E0 /* EditProfileView.swift in Sources */ = {isa = PBXBuildFile; fileRef = 0C3A08312628C995008596E0 /* EditProfileView.swift */; };
		0C3C86B0262A50850010FDB8 /* QrVaccinesModel.swift in Sources */ = {isa = PBXBuildFile; fileRef = 0C3C86AF262A50850010FDB8 /* QrVaccinesModel.swift */; };
		0C3C86B3262A52880010FDB8 /* ScannedVaccinesView.swift in Sources */ = {isa = PBXBuildFile; fileRef = 0C3C86B2262A52880010FDB8 /* ScannedVaccinesView.swift */; };
		0C3C86B6262A53930010FDB8 /* ScannedDetailedVacinesView.swift in Sources */ = {isa = PBXBuildFile; fileRef = 0C3C86B5262A53930010FDB8 /* ScannedDetailedVacinesView.swift */; };
		0C3E62CD2620680A0008456C /* AddFriendsView.swift in Sources */ = {isa = PBXBuildFile; fileRef = 0C3E62CC2620680A0008456C /* AddFriendsView.swift */; };
		0C3E62D026206C160008456C /* FriendRequestModel.swift in Sources */ = {isa = PBXBuildFile; fileRef = 0C3E62CF26206C160008456C /* FriendRequestModel.swift */; };
		0C3E62D3262073850008456C /* FriendRequestViewModel.swift in Sources */ = {isa = PBXBuildFile; fileRef = 0C3E62D2262073850008456C /* FriendRequestViewModel.swift */; };
		0C3E62D626207C530008456C /* FriendRequestView.swift in Sources */ = {isa = PBXBuildFile; fileRef = 0C3E62D526207C530008456C /* FriendRequestView.swift */; };
		0C5B42E4261CA2D800BBCD01 /* LoginView.swift in Sources */ = {isa = PBXBuildFile; fileRef = 0C5B42E3261CA2D800BBCD01 /* LoginView.swift */; };
		0C5BE1AE261B721300375FE4 /* HomeViewButtonsView.swift in Sources */ = {isa = PBXBuildFile; fileRef = 0C5BE1AD261B721300375FE4 /* HomeViewButtonsView.swift */; };
		0C5BE1B1261B74F700375FE4 /* MyVaccinesViewModel.swift in Sources */ = {isa = PBXBuildFile; fileRef = 0C5BE1B0261B74F700375FE4 /* MyVaccinesViewModel.swift */; };
		0C5BE1B7261BAA4A00375FE4 /* DetailedMyVaccinesView.swift in Sources */ = {isa = PBXBuildFile; fileRef = 0C5BE1B6261BAA4A00375FE4 /* DetailedMyVaccinesView.swift */; };
		0C5BE1BB261BAE5100375FE4 /* DetailedVaccinesRow.swift in Sources */ = {isa = PBXBuildFile; fileRef = 0C5BE1BA261BAE5100375FE4 /* DetailedVaccinesRow.swift */; };
		0C6ACB83261F6F6F00F05B9A /* QrGenerateViewModel.swift in Sources */ = {isa = PBXBuildFile; fileRef = 0C6ACB82261F6F6F00F05B9A /* QrGenerateViewModel.swift */; };
		0C754DFA262AFF8D00F5AD94 /* GoogleContactsViewModel.swift in Sources */ = {isa = PBXBuildFile; fileRef = 0C754DF9262AFF8D00F5AD94 /* GoogleContactsViewModel.swift */; };
		0C754DFD262B013B00F5AD94 /* GoogleContactsModel.swift in Sources */ = {isa = PBXBuildFile; fileRef = 0C754DFC262B013B00F5AD94 /* GoogleContactsModel.swift */; };
		0C754E01262B02DB00F5AD94 /* GoogleContactsView.swift in Sources */ = {isa = PBXBuildFile; fileRef = 0C754E00262B02DB00F5AD94 /* GoogleContactsView.swift */; };
		0C7F8C5B2629D71000FB13B8 /* LoginViewModel.swift in Sources */ = {isa = PBXBuildFile; fileRef = 0C7F8C5A2629D71000FB13B8 /* LoginViewModel.swift */; };
		0C9F30A5261F360900398E5F /* FriendDetailVaccine.swift in Sources */ = {isa = PBXBuildFile; fileRef = 0C9F30A4261F360900398E5F /* FriendDetailVaccine.swift */; };
		0CAC8F19261E120100962E4F /* VaccinesModel.swift in Sources */ = {isa = PBXBuildFile; fileRef = 0CAC8F18261E120100962E4F /* VaccinesModel.swift */; };
		6881C897262C5B157F813560 /* Pods_AsiKarnesiMobil.framework in Frameworks */ = {isa = PBXBuildFile; fileRef = DB889A568F25392E15E3E927 /* Pods_AsiKarnesiMobil.framework */; };
		D7962B58262B76C2008131AD /* GoogleService-Info.plist in Resources */ = {isa = PBXBuildFile; fileRef = D7962B57262B76C2008131AD /* GoogleService-Info.plist */; };
/* End PBXBuildFile section */

/* Begin PBXFileReference section */
		0C2684C3261F296B00B0FC1F /* FriendsVaccinesModel.swift */ = {isa = PBXFileReference; lastKnownFileType = sourcecode.swift; path = FriendsVaccinesModel.swift; sourceTree = "<group>"; };
		0C2684C6261F2ABB00B0FC1F /* FriendsViewModel.swift */ = {isa = PBXFileReference; lastKnownFileType = sourcecode.swift; path = FriendsViewModel.swift; sourceTree = "<group>"; };
		0C2684CB261F2FC000B0FC1F /* DetailedFriendView.swift */ = {isa = PBXFileReference; lastKnownFileType = sourcecode.swift; path = DetailedFriendView.swift; sourceTree = "<group>"; };
		0C280903261B6CE600EF07E0 /* AsiKarnesiMobil.app */ = {isa = PBXFileReference; explicitFileType = wrapper.application; includeInIndex = 0; path = AsiKarnesiMobil.app; sourceTree = BUILT_PRODUCTS_DIR; };
		0C280906261B6CE600EF07E0 /* AppDelegate.swift */ = {isa = PBXFileReference; lastKnownFileType = sourcecode.swift; path = AppDelegate.swift; sourceTree = "<group>"; };
		0C280908261B6CE600EF07E0 /* SceneDelegate.swift */ = {isa = PBXFileReference; lastKnownFileType = sourcecode.swift; path = SceneDelegate.swift; sourceTree = "<group>"; };
		0C28090C261B6CEE00EF07E0 /* Assets.xcassets */ = {isa = PBXFileReference; lastKnownFileType = folder.assetcatalog; path = Assets.xcassets; sourceTree = "<group>"; };
		0C28090F261B6CEE00EF07E0 /* Preview Assets.xcassets */ = {isa = PBXFileReference; lastKnownFileType = folder.assetcatalog; path = "Preview Assets.xcassets"; sourceTree = "<group>"; };
		0C280912261B6CEE00EF07E0 /* Base */ = {isa = PBXFileReference; lastKnownFileType = file.storyboard; name = Base; path = Base.lproj/LaunchScreen.storyboard; sourceTree = "<group>"; };
		0C280914261B6CEE00EF07E0 /* Info.plist */ = {isa = PBXFileReference; lastKnownFileType = text.plist.xml; path = Info.plist; sourceTree = "<group>"; };
		0C28091E261B6D4700EF07E0 /* HomeView.swift */ = {isa = PBXFileReference; lastKnownFileType = sourcecode.swift; path = HomeView.swift; sourceTree = "<group>"; };
		0C280921261B6EE700EF07E0 /* HomeViewModel.swift */ = {isa = PBXFileReference; lastKnownFileType = sourcecode.swift; path = HomeViewModel.swift; sourceTree = "<group>"; };
		0C280924261B6F7800EF07E0 /* AsilarimView.swift */ = {isa = PBXFileReference; lastKnownFileType = sourcecode.swift; path = AsilarimView.swift; sourceTree = "<group>"; };
		0C280927261B6F8B00EF07E0 /* ArkadaslarimView.swift */ = {isa = PBXFileReference; lastKnownFileType = sourcecode.swift; path = ArkadaslarimView.swift; sourceTree = "<group>"; };
		0C28092D261B6FB500EF07E0 /* QRGenerateView.swift */ = {isa = PBXFileReference; lastKnownFileType = sourcecode.swift; path = QRGenerateView.swift; sourceTree = "<group>"; };
		0C2C0953261F3FF10049BC11 /* ScannerViewModel.swift */ = {isa = PBXFileReference; lastKnownFileType = sourcecode.swift; name = ScannerViewModel.swift; path = AsiKarnesiMobil/View/Friends/ScannerViewModel.swift; sourceTree = SOURCE_ROOT; };
		0C2C0958261F406E0049BC11 /* ScannerView.swift */ = {isa = PBXFileReference; lastKnownFileType = sourcecode.swift; path = ScannerView.swift; sourceTree = "<group>"; };
		0C2C095D261F40D90049BC11 /* QrCodeCameraDelegate.swift */ = {isa = PBXFileReference; lastKnownFileType = sourcecode.swift; path = QrCodeCameraDelegate.swift; sourceTree = "<group>"; };
		0C2C0961261F411A0049BC11 /* CameraPreview.swift */ = {isa = PBXFileReference; lastKnownFileType = sourcecode.swift; path = CameraPreview.swift; sourceTree = "<group>"; };
		0C2C0964261F414D0049BC11 /* QrCodeScannerView.swift */ = {isa = PBXFileReference; lastKnownFileType = sourcecode.swift; path = QrCodeScannerView.swift; sourceTree = "<group>"; };
		0C38AC5E261F7A550098E8DD /* SelectVaccinesView.swift */ = {isa = PBXFileReference; lastKnownFileType = sourcecode.swift; path = SelectVaccinesView.swift; sourceTree = "<group>"; };
		0C3A08272628C019008596E0 /* UserViewModel.swift */ = {isa = PBXFileReference; lastKnownFileType = sourcecode.swift; path = UserViewModel.swift; sourceTree = "<group>"; };
		0C3A082A2628C031008596E0 /* UserModel.swift */ = {isa = PBXFileReference; lastKnownFileType = sourcecode.swift; path = UserModel.swift; sourceTree = "<group>"; };
		0C3A082E2628C419008596E0 /* ProfileView.swift */ = {isa = PBXFileReference; lastKnownFileType = sourcecode.swift; path = ProfileView.swift; sourceTree = "<group>"; };
		0C3A08312628C995008596E0 /* EditProfileView.swift */ = {isa = PBXFileReference; lastKnownFileType = sourcecode.swift; path = EditProfileView.swift; sourceTree = "<group>"; };
		0C3C86AF262A50850010FDB8 /* QrVaccinesModel.swift */ = {isa = PBXFileReference; lastKnownFileType = sourcecode.swift; path = QrVaccinesModel.swift; sourceTree = "<group>"; };
		0C3C86B2262A52880010FDB8 /* ScannedVaccinesView.swift */ = {isa = PBXFileReference; lastKnownFileType = sourcecode.swift; path = ScannedVaccinesView.swift; sourceTree = "<group>"; };
		0C3C86B5262A53930010FDB8 /* ScannedDetailedVacinesView.swift */ = {isa = PBXFileReference; lastKnownFileType = sourcecode.swift; path = ScannedDetailedVacinesView.swift; sourceTree = "<group>"; };
		0C3E62CC2620680A0008456C /* AddFriendsView.swift */ = {isa = PBXFileReference; lastKnownFileType = sourcecode.swift; path = AddFriendsView.swift; sourceTree = "<group>"; };
		0C3E62CF26206C160008456C /* FriendRequestModel.swift */ = {isa = PBXFileReference; lastKnownFileType = sourcecode.swift; path = FriendRequestModel.swift; sourceTree = "<group>"; };
		0C3E62D2262073850008456C /* FriendRequestViewModel.swift */ = {isa = PBXFileReference; lastKnownFileType = sourcecode.swift; path = FriendRequestViewModel.swift; sourceTree = "<group>"; };
		0C3E62D526207C530008456C /* FriendRequestView.swift */ = {isa = PBXFileReference; lastKnownFileType = sourcecode.swift; path = FriendRequestView.swift; sourceTree = "<group>"; };
		0C5B42E3261CA2D800BBCD01 /* LoginView.swift */ = {isa = PBXFileReference; lastKnownFileType = sourcecode.swift; path = LoginView.swift; sourceTree = "<group>"; };
		0C5BE1AD261B721300375FE4 /* HomeViewButtonsView.swift */ = {isa = PBXFileReference; lastKnownFileType = sourcecode.swift; path = HomeViewButtonsView.swift; sourceTree = "<group>"; };
		0C5BE1B0261B74F700375FE4 /* MyVaccinesViewModel.swift */ = {isa = PBXFileReference; lastKnownFileType = sourcecode.swift; path = MyVaccinesViewModel.swift; sourceTree = "<group>"; };
		0C5BE1B6261BAA4A00375FE4 /* DetailedMyVaccinesView.swift */ = {isa = PBXFileReference; lastKnownFileType = sourcecode.swift; path = DetailedMyVaccinesView.swift; sourceTree = "<group>"; };
		0C5BE1BA261BAE5100375FE4 /* DetailedVaccinesRow.swift */ = {isa = PBXFileReference; lastKnownFileType = sourcecode.swift; path = DetailedVaccinesRow.swift; sourceTree = "<group>"; };
		0C6ACB82261F6F6F00F05B9A /* QrGenerateViewModel.swift */ = {isa = PBXFileReference; lastKnownFileType = sourcecode.swift; path = QrGenerateViewModel.swift; sourceTree = "<group>"; };
		0C754DF9262AFF8D00F5AD94 /* GoogleContactsViewModel.swift */ = {isa = PBXFileReference; lastKnownFileType = sourcecode.swift; path = GoogleContactsViewModel.swift; sourceTree = "<group>"; };
		0C754DFC262B013B00F5AD94 /* GoogleContactsModel.swift */ = {isa = PBXFileReference; lastKnownFileType = sourcecode.swift; path = GoogleContactsModel.swift; sourceTree = "<group>"; };
		0C754E00262B02DB00F5AD94 /* GoogleContactsView.swift */ = {isa = PBXFileReference; lastKnownFileType = sourcecode.swift; path = GoogleContactsView.swift; sourceTree = "<group>"; };
		0C7F8C5A2629D71000FB13B8 /* LoginViewModel.swift */ = {isa = PBXFileReference; lastKnownFileType = sourcecode.swift; path = LoginViewModel.swift; sourceTree = "<group>"; };
		0C9F30A4261F360900398E5F /* FriendDetailVaccine.swift */ = {isa = PBXFileReference; lastKnownFileType = sourcecode.swift; path = FriendDetailVaccine.swift; sourceTree = "<group>"; };
		0CAC8F18261E120100962E4F /* VaccinesModel.swift */ = {isa = PBXFileReference; lastKnownFileType = sourcecode.swift; path = VaccinesModel.swift; sourceTree = "<group>"; };
		C5B67699BC6AB3386B545C55 /* Pods-AsiKarnesiMobil.release.xcconfig */ = {isa = PBXFileReference; includeInIndex = 1; lastKnownFileType = text.xcconfig; name = "Pods-AsiKarnesiMobil.release.xcconfig"; path = "Target Support Files/Pods-AsiKarnesiMobil/Pods-AsiKarnesiMobil.release.xcconfig"; sourceTree = "<group>"; };
		D7962B57262B76C2008131AD /* GoogleService-Info.plist */ = {isa = PBXFileReference; fileEncoding = 4; lastKnownFileType = text.plist.xml; path = "GoogleService-Info.plist"; sourceTree = "<group>"; };
		DB889A568F25392E15E3E927 /* Pods_AsiKarnesiMobil.framework */ = {isa = PBXFileReference; explicitFileType = wrapper.framework; includeInIndex = 0; path = Pods_AsiKarnesiMobil.framework; sourceTree = BUILT_PRODUCTS_DIR; };
		FC8B4D1F2094C49708B6379A /* Pods-AsiKarnesiMobil.debug.xcconfig */ = {isa = PBXFileReference; includeInIndex = 1; lastKnownFileType = text.xcconfig; name = "Pods-AsiKarnesiMobil.debug.xcconfig"; path = "Target Support Files/Pods-AsiKarnesiMobil/Pods-AsiKarnesiMobil.debug.xcconfig"; sourceTree = "<group>"; };
/* End PBXFileReference section */

/* Begin PBXFrameworksBuildPhase section */
		0C280900261B6CE600EF07E0 /* Frameworks */ = {
			isa = PBXFrameworksBuildPhase;
			buildActionMask = 2147483647;
			files = (
				6881C897262C5B157F813560 /* Pods_AsiKarnesiMobil.framework in Frameworks */,
			);
			runOnlyForDeploymentPostprocessing = 0;
		};
/* End PBXFrameworksBuildPhase section */

/* Begin PBXGroup section */
		0C2684C9261F2F0F00B0FC1F /* Friends */ = {
			isa = PBXGroup;
			children = (
				0C280927261B6F8B00EF07E0 /* ArkadaslarimView.swift */,
				0C3E62CC2620680A0008456C /* AddFriendsView.swift */,
				0C2684CB261F2FC000B0FC1F /* DetailedFriendView.swift */,
				0C9F30A4261F360900398E5F /* FriendDetailVaccine.swift */,
			);
			path = Friends;
			sourceTree = "<group>";
		};
		0C2808FA261B6CE600EF07E0 = {
			isa = PBXGroup;
			children = (
				0C280905261B6CE600EF07E0 /* AsiKarnesiMobil */,
				0C280904261B6CE600EF07E0 /* Products */,
				450AD48DC7726FDFE710EE83 /* Pods */,
				797CBAE15FD6F86DCA6C98DD /* Frameworks */,
			);
			sourceTree = "<group>";
		};
		0C280904261B6CE600EF07E0 /* Products */ = {
			isa = PBXGroup;
			children = (
				0C280903261B6CE600EF07E0 /* AsiKarnesiMobil.app */,
			);
			name = Products;
			sourceTree = "<group>";
		};
		0C280905261B6CE600EF07E0 /* AsiKarnesiMobil */ = {
			isa = PBXGroup;
			children = (
				0C280906261B6CE600EF07E0 /* AppDelegate.swift */,
				0C280908261B6CE600EF07E0 /* SceneDelegate.swift */,
				0C28091B261B6D2200EF07E0 /* Model */,
				0C28091C261B6D2900EF07E0 /* View Model */,
				0C28091D261B6D3400EF07E0 /* View */,
				0C2C095B261F40B10049BC11 /* Helpers */,
				0C280911261B6CEE00EF07E0 /* LaunchScreen.storyboard */,
				0C28090C261B6CEE00EF07E0 /* Assets.xcassets */,
				0C280914261B6CEE00EF07E0 /* Info.plist */,
				D7962B57262B76C2008131AD /* GoogleService-Info.plist */,
				0C28090E261B6CEE00EF07E0 /* Preview Content */,
			);
			path = AsiKarnesiMobil;
			sourceTree = "<group>";
		};
		0C28090E261B6CEE00EF07E0 /* Preview Content */ = {
			isa = PBXGroup;
			children = (
				0C28090F261B6CEE00EF07E0 /* Preview Assets.xcassets */,
			);
			path = "Preview Content";
			sourceTree = "<group>";
		};
		0C28091B261B6D2200EF07E0 /* Model */ = {
			isa = PBXGroup;
			children = (
				0CAC8F18261E120100962E4F /* VaccinesModel.swift */,
				0C3A082A2628C031008596E0 /* UserModel.swift */,
				0C2684C3261F296B00B0FC1F /* FriendsVaccinesModel.swift */,
				0C3E62CF26206C160008456C /* FriendRequestModel.swift */,
				0C3C86AF262A50850010FDB8 /* QrVaccinesModel.swift */,
				0C754DFC262B013B00F5AD94 /* GoogleContactsModel.swift */,
			);
			path = Model;
			sourceTree = "<group>";
		};
		0C28091C261B6D2900EF07E0 /* View Model */ = {
			isa = PBXGroup;
			children = (
				0C280921261B6EE700EF07E0 /* HomeViewModel.swift */,
				0C5BE1B0261B74F700375FE4 /* MyVaccinesViewModel.swift */,
				0C2684C6261F2ABB00B0FC1F /* FriendsViewModel.swift */,
				0C2C0953261F3FF10049BC11 /* ScannerViewModel.swift */,
				0C6ACB82261F6F6F00F05B9A /* QrGenerateViewModel.swift */,
				0C3E62D2262073850008456C /* FriendRequestViewModel.swift */,
				0C3A08272628C019008596E0 /* UserViewModel.swift */,
				0C7F8C5A2629D71000FB13B8 /* LoginViewModel.swift */,
				0C754DF9262AFF8D00F5AD94 /* GoogleContactsViewModel.swift */,
			);
			path = "View Model";
			sourceTree = "<group>";
		};
		0C28091D261B6D3400EF07E0 /* View */ = {
			isa = PBXGroup;
			children = (
				0C5B42E3261CA2D800BBCD01 /* LoginView.swift */,
				0C28091E261B6D4700EF07E0 /* HomeView.swift */,
				0C3E62D526207C530008456C /* FriendRequestView.swift */,
				0C754DFF262B02C400F5AD94 /* Google Contacts */,
				0C3A082D2628C40D008596E0 /* Profile */,
				0C5BE1B9261BAE2400375FE4 /* My Vaccines */,
				0C2684C9261F2F0F00B0FC1F /* Friends */,
				0C2C0956261F40290049BC11 /* QR Scan */,
				0C6ACB85261F6FBE00F05B9A /* QR Generate */,
				0C5BE1AC261B71FC00375FE4 /* Subviews */,
			);
			path = View;
			sourceTree = "<group>";
		};
		0C2C0956261F40290049BC11 /* QR Scan */ = {
			isa = PBXGroup;
			children = (
				0C2C0958261F406E0049BC11 /* ScannerView.swift */,
				0C3C86B2262A52880010FDB8 /* ScannedVaccinesView.swift */,
				0C3C86B5262A53930010FDB8 /* ScannedDetailedVacinesView.swift */,
				0C2C0964261F414D0049BC11 /* QrCodeScannerView.swift */,
			);
			path = "QR Scan";
			sourceTree = "<group>";
		};
		0C2C095B261F40B10049BC11 /* Helpers */ = {
			isa = PBXGroup;
			children = (
				0C2C095C261F40C00049BC11 /* QR Scanner */,
			);
			path = Helpers;
			sourceTree = "<group>";
		};
		0C2C095C261F40C00049BC11 /* QR Scanner */ = {
			isa = PBXGroup;
			children = (
				0C2C095D261F40D90049BC11 /* QrCodeCameraDelegate.swift */,
				0C2C0961261F411A0049BC11 /* CameraPreview.swift */,
			);
			path = "QR Scanner";
			sourceTree = "<group>";
		};
		0C3A082D2628C40D008596E0 /* Profile */ = {
			isa = PBXGroup;
			children = (
				0C3A082E2628C419008596E0 /* ProfileView.swift */,
				0C3A08312628C995008596E0 /* EditProfileView.swift */,
			);
			path = Profile;
			sourceTree = "<group>";
		};
		0C5BE1AC261B71FC00375FE4 /* Subviews */ = {
			isa = PBXGroup;
			children = (
				0C5BE1AD261B721300375FE4 /* HomeViewButtonsView.swift */,
			);
			path = Subviews;
			sourceTree = "<group>";
		};
		0C5BE1B9261BAE2400375FE4 /* My Vaccines */ = {
			isa = PBXGroup;
			children = (
				0C280924261B6F7800EF07E0 /* AsilarimView.swift */,
				0C5BE1B6261BAA4A00375FE4 /* DetailedMyVaccinesView.swift */,
				0C5BE1BA261BAE5100375FE4 /* DetailedVaccinesRow.swift */,
			);
			path = "My Vaccines";
			sourceTree = "<group>";
		};
		0C6ACB85261F6FBE00F05B9A /* QR Generate */ = {
			isa = PBXGroup;
			children = (
				0C28092D261B6FB500EF07E0 /* QRGenerateView.swift */,
				0C38AC5E261F7A550098E8DD /* SelectVaccinesView.swift */,
			);
			path = "QR Generate";
			sourceTree = "<group>";
		};
		0C754DFF262B02C400F5AD94 /* Google Contacts */ = {
			isa = PBXGroup;
			children = (
				0C754E00262B02DB00F5AD94 /* GoogleContactsView.swift */,
			);
			path = "Google Contacts";
			sourceTree = "<group>";
		};
		450AD48DC7726FDFE710EE83 /* Pods */ = {
			isa = PBXGroup;
			children = (
				FC8B4D1F2094C49708B6379A /* Pods-AsiKarnesiMobil.debug.xcconfig */,
				C5B67699BC6AB3386B545C55 /* Pods-AsiKarnesiMobil.release.xcconfig */,
			);
			path = Pods;
			sourceTree = "<group>";
		};
		797CBAE15FD6F86DCA6C98DD /* Frameworks */ = {
			isa = PBXGroup;
			children = (
				DB889A568F25392E15E3E927 /* Pods_AsiKarnesiMobil.framework */,
			);
			name = Frameworks;
			sourceTree = "<group>";
		};
/* End PBXGroup section */

/* Begin PBXNativeTarget section */
		0C280902261B6CE600EF07E0 /* AsiKarnesiMobil */ = {
			isa = PBXNativeTarget;
			buildConfigurationList = 0C280917261B6CEE00EF07E0 /* Build configuration list for PBXNativeTarget "AsiKarnesiMobil" */;
			buildPhases = (
				BB73D9AB0254BBF538293185 /* [CP] Check Pods Manifest.lock */,
				0C2808FF261B6CE600EF07E0 /* Sources */,
				0C280900261B6CE600EF07E0 /* Frameworks */,
				0C280901261B6CE600EF07E0 /* Resources */,
				DF210DC8C1B3C0A4B65296D3 /* [CP] Embed Pods Frameworks */,
				3D113161559263CCE75AB19E /* [CP] Copy Pods Resources */,
			);
			buildRules = (
			);
			dependencies = (
			);
			name = AsiKarnesiMobil;
			productName = AsiKarnesiMobil;
			productReference = 0C280903261B6CE600EF07E0 /* AsiKarnesiMobil.app */;
			productType = "com.apple.product-type.application";
		};
/* End PBXNativeTarget section */

/* Begin PBXProject section */
		0C2808FB261B6CE600EF07E0 /* Project object */ = {
			isa = PBXProject;
			attributes = {
				LastSwiftUpdateCheck = 1240;
				LastUpgradeCheck = 1240;
				TargetAttributes = {
					0C280902261B6CE600EF07E0 = {
						CreatedOnToolsVersion = 12.4;
					};
				};
			};
			buildConfigurationList = 0C2808FE261B6CE600EF07E0 /* Build configuration list for PBXProject "AsiKarnesiMobil" */;
			compatibilityVersion = "Xcode 9.3";
			developmentRegion = en;
			hasScannedForEncodings = 0;
			knownRegions = (
				en,
				Base,
			);
			mainGroup = 0C2808FA261B6CE600EF07E0;
			productRefGroup = 0C280904261B6CE600EF07E0 /* Products */;
			projectDirPath = "";
			projectRoot = "";
			targets = (
				0C280902261B6CE600EF07E0 /* AsiKarnesiMobil */,
			);
		};
/* End PBXProject section */

/* Begin PBXResourcesBuildPhase section */
		0C280901261B6CE600EF07E0 /* Resources */ = {
			isa = PBXResourcesBuildPhase;
			buildActionMask = 2147483647;
			files = (
				0C280913261B6CEE00EF07E0 /* LaunchScreen.storyboard in Resources */,
				D7962B58262B76C2008131AD /* GoogleService-Info.plist in Resources */,
				0C280910261B6CEE00EF07E0 /* Preview Assets.xcassets in Resources */,
				0C28090D261B6CEE00EF07E0 /* Assets.xcassets in Resources */,
			);
			runOnlyForDeploymentPostprocessing = 0;
		};
/* End PBXResourcesBuildPhase section */

/* Begin PBXShellScriptBuildPhase section */
		3D113161559263CCE75AB19E /* [CP] Copy Pods Resources */ = {
			isa = PBXShellScriptBuildPhase;
			buildActionMask = 2147483647;
			files = (
			);
			inputFileListPaths = (
				"${PODS_ROOT}/Target Support Files/Pods-AsiKarnesiMobil/Pods-AsiKarnesiMobil-resources-${CONFIGURATION}-input-files.xcfilelist",
			);
			name = "[CP] Copy Pods Resources";
			outputFileListPaths = (
				"${PODS_ROOT}/Target Support Files/Pods-AsiKarnesiMobil/Pods-AsiKarnesiMobil-resources-${CONFIGURATION}-output-files.xcfilelist",
			);
			runOnlyForDeploymentPostprocessing = 0;
			shellPath = /bin/sh;
			shellScript = "\"${PODS_ROOT}/Target Support Files/Pods-AsiKarnesiMobil/Pods-AsiKarnesiMobil-resources.sh\"\n";
			showEnvVarsInLog = 0;
		};
		BB73D9AB0254BBF538293185 /* [CP] Check Pods Manifest.lock */ = {
			isa = PBXShellScriptBuildPhase;
			buildActionMask = 2147483647;
			files = (
			);
			inputFileListPaths = (
			);
			inputPaths = (
				"${PODS_PODFILE_DIR_PATH}/Podfile.lock",
				"${PODS_ROOT}/Manifest.lock",
			);
			name = "[CP] Check Pods Manifest.lock";
			outputFileListPaths = (
			);
			outputPaths = (
				"$(DERIVED_FILE_DIR)/Pods-AsiKarnesiMobil-checkManifestLockResult.txt",
			);
			runOnlyForDeploymentPostprocessing = 0;
			shellPath = /bin/sh;
			shellScript = "diff \"${PODS_PODFILE_DIR_PATH}/Podfile.lock\" \"${PODS_ROOT}/Manifest.lock\" > /dev/null\nif [ $? != 0 ] ; then\n    # print error to STDERR\n    echo \"error: The sandbox is not in sync with the Podfile.lock. Run 'pod install' or update your CocoaPods installation.\" >&2\n    exit 1\nfi\n# This output is used by Xcode 'outputs' to avoid re-running this script phase.\necho \"SUCCESS\" > \"${SCRIPT_OUTPUT_FILE_0}\"\n";
			showEnvVarsInLog = 0;
		};
		DF210DC8C1B3C0A4B65296D3 /* [CP] Embed Pods Frameworks */ = {
			isa = PBXShellScriptBuildPhase;
			buildActionMask = 2147483647;
			files = (
			);
			inputFileListPaths = (
				"${PODS_ROOT}/Target Support Files/Pods-AsiKarnesiMobil/Pods-AsiKarnesiMobil-frameworks-${CONFIGURATION}-input-files.xcfilelist",
			);
			name = "[CP] Embed Pods Frameworks";
			outputFileListPaths = (
				"${PODS_ROOT}/Target Support Files/Pods-AsiKarnesiMobil/Pods-AsiKarnesiMobil-frameworks-${CONFIGURATION}-output-files.xcfilelist",
			);
			runOnlyForDeploymentPostprocessing = 0;
			shellPath = /bin/sh;
			shellScript = "\"${PODS_ROOT}/Target Support Files/Pods-AsiKarnesiMobil/Pods-AsiKarnesiMobil-frameworks.sh\"\n";
			showEnvVarsInLog = 0;
		};
/* End PBXShellScriptBuildPhase section */

/* Begin PBXSourcesBuildPhase section */
		0C2808FF261B6CE600EF07E0 /* Sources */ = {
			isa = PBXSourcesBuildPhase;
			buildActionMask = 2147483647;
			files = (
				0C5BE1BB261BAE5100375FE4 /* DetailedVaccinesRow.swift in Sources */,
				0C3A08282628C019008596E0 /* UserViewModel.swift in Sources */,
				0C3C86B3262A52880010FDB8 /* ScannedVaccinesView.swift in Sources */,
				0C3C86B0262A50850010FDB8 /* QrVaccinesModel.swift in Sources */,
				0C7F8C5B2629D71000FB13B8 /* LoginViewModel.swift in Sources */,
				0C3A08322628C995008596E0 /* EditProfileView.swift in Sources */,
				0C2C0954261F3FF10049BC11 /* ScannerViewModel.swift in Sources */,
				0C280907261B6CE600EF07E0 /* AppDelegate.swift in Sources */,
				0C754DFA262AFF8D00F5AD94 /* GoogleContactsViewModel.swift in Sources */,
				0C2C0965261F414D0049BC11 /* QrCodeScannerView.swift in Sources */,
				0C28092E261B6FB500EF07E0 /* QRGenerateView.swift in Sources */,
				0C6ACB83261F6F6F00F05B9A /* QrGenerateViewModel.swift in Sources */,
				0C5B42E4261CA2D800BBCD01 /* LoginView.swift in Sources */,
				0C28091F261B6D4700EF07E0 /* HomeView.swift in Sources */,
				0CAC8F19261E120100962E4F /* VaccinesModel.swift in Sources */,
				0C280909261B6CE600EF07E0 /* SceneDelegate.swift in Sources */,
				0C3E62D626207C530008456C /* FriendRequestView.swift in Sources */,
				0C38AC5F261F7A550098E8DD /* SelectVaccinesView.swift in Sources */,
				0C280922261B6EE700EF07E0 /* HomeViewModel.swift in Sources */,
				0C2C095E261F40D90049BC11 /* QrCodeCameraDelegate.swift in Sources */,
				0C2C0959261F406E0049BC11 /* ScannerView.swift in Sources */,
				0C2684C7261F2ABB00B0FC1F /* FriendsViewModel.swift in Sources */,
				0C3E62D3262073850008456C /* FriendRequestViewModel.swift in Sources */,
				0C3A082F2628C419008596E0 /* ProfileView.swift in Sources */,
				0C2684C4261F296B00B0FC1F /* FriendsVaccinesModel.swift in Sources */,
				0C754DFD262B013B00F5AD94 /* GoogleContactsModel.swift in Sources */,
				0C2684CC261F2FC000B0FC1F /* DetailedFriendView.swift in Sources */,
				0C280925261B6F7800EF07E0 /* AsilarimView.swift in Sources */,
				0C9F30A5261F360900398E5F /* FriendDetailVaccine.swift in Sources */,
				0C280928261B6F8B00EF07E0 /* ArkadaslarimView.swift in Sources */,
				0C2C0962261F411A0049BC11 /* CameraPreview.swift in Sources */,
				0C5BE1AE261B721300375FE4 /* HomeViewButtonsView.swift in Sources */,
				0C3C86B6262A53930010FDB8 /* ScannedDetailedVacinesView.swift in Sources */,
				0C3E62CD2620680A0008456C /* AddFriendsView.swift in Sources */,
				0C3E62D026206C160008456C /* FriendRequestModel.swift in Sources */,
				0C5BE1B7261BAA4A00375FE4 /* DetailedMyVaccinesView.swift in Sources */,
				0C3A082B2628C031008596E0 /* UserModel.swift in Sources */,
				0C5BE1B1261B74F700375FE4 /* MyVaccinesViewModel.swift in Sources */,
				0C754E01262B02DB00F5AD94 /* GoogleContactsView.swift in Sources */,
			);
			runOnlyForDeploymentPostprocessing = 0;
		};
/* End PBXSourcesBuildPhase section */

/* Begin PBXVariantGroup section */
		0C280911261B6CEE00EF07E0 /* LaunchScreen.storyboard */ = {
			isa = PBXVariantGroup;
			children = (
				0C280912261B6CEE00EF07E0 /* Base */,
			);
			name = LaunchScreen.storyboard;
			sourceTree = "<group>";
		};
/* End PBXVariantGroup section */

/* Begin XCBuildConfiguration section */
		0C280915261B6CEE00EF07E0 /* Debug */ = {
			isa = XCBuildConfiguration;
			buildSettings = {
				ALWAYS_SEARCH_USER_PATHS = NO;
				CLANG_ANALYZER_NONNULL = YES;
				CLANG_ANALYZER_NUMBER_OBJECT_CONVERSION = YES_AGGRESSIVE;
				CLANG_CXX_LANGUAGE_STANDARD = "gnu++14";
				CLANG_CXX_LIBRARY = "libc++";
				CLANG_ENABLE_MODULES = YES;
				CLANG_ENABLE_OBJC_ARC = YES;
				CLANG_ENABLE_OBJC_WEAK = YES;
				CLANG_WARN_BLOCK_CAPTURE_AUTORELEASING = YES;
				CLANG_WARN_BOOL_CONVERSION = YES;
				CLANG_WARN_COMMA = YES;
				CLANG_WARN_CONSTANT_CONVERSION = YES;
				CLANG_WARN_DEPRECATED_OBJC_IMPLEMENTATIONS = YES;
				CLANG_WARN_DIRECT_OBJC_ISA_USAGE = YES_ERROR;
				CLANG_WARN_DOCUMENTATION_COMMENTS = YES;
				CLANG_WARN_EMPTY_BODY = YES;
				CLANG_WARN_ENUM_CONVERSION = YES;
				CLANG_WARN_INFINITE_RECURSION = YES;
				CLANG_WARN_INT_CONVERSION = YES;
				CLANG_WARN_NON_LITERAL_NULL_CONVERSION = YES;
				CLANG_WARN_OBJC_IMPLICIT_RETAIN_SELF = YES;
				CLANG_WARN_OBJC_LITERAL_CONVERSION = YES;
				CLANG_WARN_OBJC_ROOT_CLASS = YES_ERROR;
				CLANG_WARN_QUOTED_INCLUDE_IN_FRAMEWORK_HEADER = YES;
				CLANG_WARN_RANGE_LOOP_ANALYSIS = YES;
				CLANG_WARN_STRICT_PROTOTYPES = YES;
				CLANG_WARN_SUSPICIOUS_MOVE = YES;
				CLANG_WARN_UNGUARDED_AVAILABILITY = YES_AGGRESSIVE;
				CLANG_WARN_UNREACHABLE_CODE = YES;
				CLANG_WARN__DUPLICATE_METHOD_MATCH = YES;
				COPY_PHASE_STRIP = NO;
				DEBUG_INFORMATION_FORMAT = dwarf;
				ENABLE_STRICT_OBJC_MSGSEND = YES;
				ENABLE_TESTABILITY = YES;
				GCC_C_LANGUAGE_STANDARD = gnu11;
				GCC_DYNAMIC_NO_PIC = NO;
				GCC_NO_COMMON_BLOCKS = YES;
				GCC_OPTIMIZATION_LEVEL = 0;
				GCC_PREPROCESSOR_DEFINITIONS = (
					"DEBUG=1",
					"$(inherited)",
				);
				GCC_WARN_64_TO_32_BIT_CONVERSION = YES;
				GCC_WARN_ABOUT_RETURN_TYPE = YES_ERROR;
				GCC_WARN_UNDECLARED_SELECTOR = YES;
				GCC_WARN_UNINITIALIZED_AUTOS = YES_AGGRESSIVE;
				GCC_WARN_UNUSED_FUNCTION = YES;
				GCC_WARN_UNUSED_VARIABLE = YES;
				IPHONEOS_DEPLOYMENT_TARGET = 14.4;
				MTL_ENABLE_DEBUG_INFO = INCLUDE_SOURCE;
				MTL_FAST_MATH = YES;
				ONLY_ACTIVE_ARCH = YES;
				SDKROOT = iphoneos;
				SWIFT_ACTIVE_COMPILATION_CONDITIONS = DEBUG;
				SWIFT_OPTIMIZATION_LEVEL = "-Onone";
			};
			name = Debug;
		};
		0C280916261B6CEE00EF07E0 /* Release */ = {
			isa = XCBuildConfiguration;
			buildSettings = {
				ALWAYS_SEARCH_USER_PATHS = NO;
				CLANG_ANALYZER_NONNULL = YES;
				CLANG_ANALYZER_NUMBER_OBJECT_CONVERSION = YES_AGGRESSIVE;
				CLANG_CXX_LANGUAGE_STANDARD = "gnu++14";
				CLANG_CXX_LIBRARY = "libc++";
				CLANG_ENABLE_MODULES = YES;
				CLANG_ENABLE_OBJC_ARC = YES;
				CLANG_ENABLE_OBJC_WEAK = YES;
				CLANG_WARN_BLOCK_CAPTURE_AUTORELEASING = YES;
				CLANG_WARN_BOOL_CONVERSION = YES;
				CLANG_WARN_COMMA = YES;
				CLANG_WARN_CONSTANT_CONVERSION = YES;
				CLANG_WARN_DEPRECATED_OBJC_IMPLEMENTATIONS = YES;
				CLANG_WARN_DIRECT_OBJC_ISA_USAGE = YES_ERROR;
				CLANG_WARN_DOCUMENTATION_COMMENTS = YES;
				CLANG_WARN_EMPTY_BODY = YES;
				CLANG_WARN_ENUM_CONVERSION = YES;
				CLANG_WARN_INFINITE_RECURSION = YES;
				CLANG_WARN_INT_CONVERSION = YES;
				CLANG_WARN_NON_LITERAL_NULL_CONVERSION = YES;
				CLANG_WARN_OBJC_IMPLICIT_RETAIN_SELF = YES;
				CLANG_WARN_OBJC_LITERAL_CONVERSION = YES;
				CLANG_WARN_OBJC_ROOT_CLASS = YES_ERROR;
				CLANG_WARN_QUOTED_INCLUDE_IN_FRAMEWORK_HEADER = YES;
				CLANG_WARN_RANGE_LOOP_ANALYSIS = YES;
				CLANG_WARN_STRICT_PROTOTYPES = YES;
				CLANG_WARN_SUSPICIOUS_MOVE = YES;
				CLANG_WARN_UNGUARDED_AVAILABILITY = YES_AGGRESSIVE;
				CLANG_WARN_UNREACHABLE_CODE = YES;
				CLANG_WARN__DUPLICATE_METHOD_MATCH = YES;
				COPY_PHASE_STRIP = NO;
				DEBUG_INFORMATION_FORMAT = "dwarf-with-dsym";
				ENABLE_NS_ASSERTIONS = NO;
				ENABLE_STRICT_OBJC_MSGSEND = YES;
				GCC_C_LANGUAGE_STANDARD = gnu11;
				GCC_NO_COMMON_BLOCKS = YES;
				GCC_WARN_64_TO_32_BIT_CONVERSION = YES;
				GCC_WARN_ABOUT_RETURN_TYPE = YES_ERROR;
				GCC_WARN_UNDECLARED_SELECTOR = YES;
				GCC_WARN_UNINITIALIZED_AUTOS = YES_AGGRESSIVE;
				GCC_WARN_UNUSED_FUNCTION = YES;
				GCC_WARN_UNUSED_VARIABLE = YES;
				IPHONEOS_DEPLOYMENT_TARGET = 14.4;
				MTL_ENABLE_DEBUG_INFO = NO;
				MTL_FAST_MATH = YES;
				SDKROOT = iphoneos;
				SWIFT_COMPILATION_MODE = wholemodule;
				SWIFT_OPTIMIZATION_LEVEL = "-O";
				VALIDATE_PRODUCT = YES;
			};
			name = Release;
		};
		0C280918261B6CEE00EF07E0 /* Debug */ = {
			isa = XCBuildConfiguration;
			baseConfigurationReference = FC8B4D1F2094C49708B6379A /* Pods-AsiKarnesiMobil.debug.xcconfig */;
			buildSettings = {
				ASSETCATALOG_COMPILER_APPICON_NAME = AppIcon;
				ASSETCATALOG_COMPILER_GLOBAL_ACCENT_COLOR_NAME = AccentColor;
				CODE_SIGN_STYLE = Automatic;
				DEVELOPMENT_ASSET_PATHS = "\"AsiKarnesiMobil/Preview Content\"";
				DEVELOPMENT_TEAM = 7NLSMQ8RGS;
				ENABLE_PREVIEWS = YES;
				INFOPLIST_FILE = AsiKarnesiMobil/Info.plist;
				IPHONEOS_DEPLOYMENT_TARGET = 14.4;
				LD_RUNPATH_SEARCH_PATHS = (
					"$(inherited)",
					"@executable_path/Frameworks",
				);
				PRODUCT_BUNDLE_IDENTIFIER = ebasaak.AsiKarnesi;
				PRODUCT_NAME = "$(TARGET_NAME)";
				SWIFT_VERSION = 5.0;
				TARGETED_DEVICE_FAMILY = 1;
			};
			name = Debug;
		};
		0C280919261B6CEE00EF07E0 /* Release */ = {
			isa = XCBuildConfiguration;
			baseConfigurationReference = C5B67699BC6AB3386B545C55 /* Pods-AsiKarnesiMobil.release.xcconfig */;
			buildSettings = {
				ASSETCATALOG_COMPILER_APPICON_NAME = AppIcon;
				ASSETCATALOG_COMPILER_GLOBAL_ACCENT_COLOR_NAME = AccentColor;
				CODE_SIGN_STYLE = Automatic;
				DEVELOPMENT_ASSET_PATHS = "\"AsiKarnesiMobil/Preview Content\"";
				DEVELOPMENT_TEAM = 7NLSMQ8RGS;
				ENABLE_PREVIEWS = YES;
				INFOPLIST_FILE = AsiKarnesiMobil/Info.plist;
				IPHONEOS_DEPLOYMENT_TARGET = 14.4;
				LD_RUNPATH_SEARCH_PATHS = (
					"$(inherited)",
					"@executable_path/Frameworks",
				);
				PRODUCT_BUNDLE_IDENTIFIER = ebasaak.AsiKarnesi;
				PRODUCT_NAME = "$(TARGET_NAME)";
				SWIFT_VERSION = 5.0;
				TARGETED_DEVICE_FAMILY = 1;
			};
			name = Release;
		};
/* End XCBuildConfiguration section */

/* Begin XCConfigurationList section */
		0C2808FE261B6CE600EF07E0 /* Build configuration list for PBXProject "AsiKarnesiMobil" */ = {
			isa = XCConfigurationList;
			buildConfigurations = (
				0C280915261B6CEE00EF07E0 /* Debug */,
				0C280916261B6CEE00EF07E0 /* Release */,
			);
			defaultConfigurationIsVisible = 0;
			defaultConfigurationName = Release;
		};
		0C280917261B6CEE00EF07E0 /* Build configuration list for PBXNativeTarget "AsiKarnesiMobil" */ = {
			isa = XCConfigurationList;
			buildConfigurations = (
				0C280918261B6CEE00EF07E0 /* Debug */,
				0C280919261B6CEE00EF07E0 /* Release */,
			);
			defaultConfigurationIsVisible = 0;
			defaultConfigurationName = Release;
		};
/* End XCConfigurationList section */
	};
	rootObject = 0C2808FB261B6CE600EF07E0 /* Project object */;
}
